// !$*UTF8*$!
{
	archiveVersion = 1;
	classes = {
	};
	objectVersion = 50;
	objects = {

/* Begin PBXBuildFile section */
		9BB1556B211B656D00F093CC /* AppDelegate.swift in Sources */ = {isa = PBXBuildFile; fileRef = 9BB1556A211B656D00F093CC /* AppDelegate.swift */; };
		9BB1556D211B656D00F093CC /* splashViewController.swift in Sources */ = {isa = PBXBuildFile; fileRef = 9BB1556C211B656D00F093CC /* splashViewController.swift */; };
		9BB15570211B656D00F093CC /* Main.storyboard in Resources */ = {isa = PBXBuildFile; fileRef = 9BB1556E211B656D00F093CC /* Main.storyboard */; };
		9BB15572211B656F00F093CC /* Assets.xcassets in Resources */ = {isa = PBXBuildFile; fileRef = 9BB15571211B656F00F093CC /* Assets.xcassets */; };
		9BB15575211B656F00F093CC /* LaunchScreen.storyboard in Resources */ = {isa = PBXBuildFile; fileRef = 9BB15573211B656F00F093CC /* LaunchScreen.storyboard */; };
		9BB15583211B71A500F093CC /* loginViewController.swift in Sources */ = {isa = PBXBuildFile; fileRef = 9BB15582211B71A500F093CC /* loginViewController.swift */; };
		9BB15585211B71D300F093CC /* electricityBillViewController.swift in Sources */ = {isa = PBXBuildFile; fileRef = 9BB15584211B71D300F093CC /* electricityBillViewController.swift */; };
		9BB155A7211B96ED00F093CC /* ElectricityBill.swift in Sources */ = {isa = PBXBuildFile; fileRef = 9BB155A6211B96ED00F093CC /* ElectricityBill.swift */; };
/* End PBXBuildFile section */

/* Begin PBXFileReference section */
		9BB15567211B656D00F093CC /* ElectricityBill.app */ = {isa = PBXFileReference; explicitFileType = wrapper.application; includeInIndex = 0; path = ElectricityBill.app; sourceTree = BUILT_PRODUCTS_DIR; };
		9BB1556A211B656D00F093CC /* AppDelegate.swift */ = {isa = PBXFileReference; lastKnownFileType = sourcecode.swift; path = AppDelegate.swift; sourceTree = "<group>"; };
		9BB1556C211B656D00F093CC /* splashViewController.swift */ = {isa = PBXFileReference; lastKnownFileType = sourcecode.swift; path = splashViewController.swift; sourceTree = "<group>"; };
		9BB1556F211B656D00F093CC /* Base */ = {isa = PBXFileReference; lastKnownFileType = file.storyboard; name = Base; path = Base.lproj/Main.storyboard; sourceTree = "<group>"; };
		9BB15571211B656F00F093CC /* Assets.xcassets */ = {isa = PBXFileReference; lastKnownFileType = folder.assetcatalog; path = Assets.xcassets; sourceTree = "<group>"; };
		9BB15574211B656F00F093CC /* Base */ = {isa = PBXFileReference; lastKnownFileType = file.storyboard; name = Base; path = Base.lproj/LaunchScreen.storyboard; sourceTree = "<group>"; };
		9BB15576211B656F00F093CC /* Info.plist */ = {isa = PBXFileReference; lastKnownFileType = text.plist.xml; path = Info.plist; sourceTree = "<group>"; };
		9BB15582211B71A500F093CC /* loginViewController.swift */ = {isa = PBXFileReference; lastKnownFileType = sourcecode.swift; path = loginViewController.swift; sourceTree = "<group>"; };
		9BB15584211B71D300F093CC /* electricityBillViewController.swift */ = {isa = PBXFileReference; lastKnownFileType = sourcecode.swift; path = electricityBillViewController.swift; sourceTree = "<group>"; };
		9BB155A6211B96ED00F093CC /* ElectricityBill.swift */ = {isa = PBXFileReference; lastKnownFileType = sourcecode.swift; path = ElectricityBill.swift; sourceTree = "<group>"; };
/* End PBXFileReference section */

/* Begin PBXFrameworksBuildPhase section */
		9BB15564211B656D00F093CC /* Frameworks */ = {
			isa = PBXFrameworksBuildPhase;
			buildActionMask = 2147483647;
			files = (
			);
			runOnlyForDeploymentPostprocessing = 0;
		};
/* End PBXFrameworksBuildPhase section */

/* Begin PBXGroup section */
		9BB1555E211B656D00F093CC = {
			isa = PBXGroup;
			children = (
				9BB15569211B656D00F093CC /* ElectricityBill */,
				9BB15568211B656D00F093CC /* Products */,
			);
			sourceTree = "<group>";
		};
		9BB15568211B656D00F093CC /* Products */ = {
			isa = PBXGroup;
			children = (
				9BB15567211B656D00F093CC /* ElectricityBill.app */,
			);
			name = Products;
			sourceTree = "<group>";
		};
		9BB15569211B656D00F093CC /* ElectricityBill */ = {
			isa = PBXGroup;
			children = (
				9BB1556A211B656D00F093CC /* AppDelegate.swift */,
				9BB1556C211B656D00F093CC /* splashViewController.swift */,
				9BB1556E211B656D00F093CC /* Main.storyboard */,
				9BB15571211B656F00F093CC /* Assets.xcassets */,
				9BB15573211B656F00F093CC /* LaunchScreen.storyboard */,
				9BB15576211B656F00F093CC /* Info.plist */,
				9BB15582211B71A500F093CC /* loginViewController.swift */,
				9BB15584211B71D300F093CC /* electricityBillViewController.swift */,
				9BB155A6211B96ED00F093CC /* ElectricityBill.swift */,
			);
			path = ElectricityBill;
			sourceTree = "<group>";
		};
/* End PBXGroup section */

/* Begin PBXNativeTarget section */
		9BB15566211B656D00F093CC /* ElectricityBill */ = {
			isa = PBXNativeTarget;
			buildConfigurationList = 9BB15579211B656F00F093CC /* Build configuration list for PBXNativeTarget "ElectricityBill" */;
			buildPhases = (
				9BB15563211B656D00F093CC /* Sources */,
				9BB15564211B656D00F093CC /* Frameworks */,
				9BB15565211B656D00F093CC /* Resources */,
			);
			buildRules = (
			);
			dependencies = (
			);
			name = ElectricityBill;
			productName = ElectricityBill;
			productReference = 9BB15567211B656D00F093CC /* ElectricityBill.app */;
			productType = "com.apple.product-type.application";
		};
/* End PBXNativeTarget section */

/* Begin PBXProject section */
		9BB1555F211B656D00F093CC /* Project object */ = {
			isa = PBXProject;
			attributes = {
				LastSwiftUpdateCheck = 0930;
				LastUpgradeCheck = 0930;
				ORGANIZATIONNAME = MacStudent;
				TargetAttributes = {
					9BB15566211B656D00F093CC = {
						CreatedOnToolsVersion = 9.3;
					};
				};
			};
			buildConfigurationList = 9BB15562211B656D00F093CC /* Build configuration list for PBXProject "ElectricityBill" */;
			compatibilityVersion = "Xcode 9.3";
			developmentRegion = en;
			hasScannedForEncodings = 0;
			knownRegions = (
				en,
				Base,
			);
			mainGroup = 9BB1555E211B656D00F093CC;
			productRefGroup = 9BB15568211B656D00F093CC /* Products */;
			projectDirPath = "";
			projectRoot = "";
			targets = (
				9BB15566211B656D00F093CC /* ElectricityBill */,
			);
		};
/* End PBXProject section */

/* Begin PBXResourcesBuildPhase section */
		9BB15565211B656D00F093CC /* Resources */ = {
			isa = PBXResourcesBuildPhase;
			buildActionMask = 2147483647;
			files = (
				9BB15575211B656F00F093CC /* LaunchScreen.storyboard in Resources */,
				9BB15572211B656F00F093CC /* Assets.xcassets in Resources */,
				9BB15570211B656D00F093CC /* Main.storyboard in Resources */,
			);
			runOnlyForDeploymentPostprocessing = 0;
		};
/* End PBXResourcesBuildPhase section */

/* Begin PBXSourcesBuildPhase section */
		9BB15563211B656D00F093CC /* Sources */ = {
			isa = PBXSourcesBuildPhase;
			buildActionMask = 2147483647;
			files = (
				9BB15583211B71A500F093CC /* loginViewController.swift in Sources */,
				9BB15585211B71D300F093CC /* electricityBillViewController.swift in Sources */,
				9BB1556D211B656D00F093CC /* splashViewController.swift in Sources */,
				9BB155A7211B96ED00F093CC /* ElectricityBill.swift in Sources */,
				9BB1556B211B656D00F093CC /* AppDelegate.swift in Sources */,
			);
			runOnlyForDeploymentPostprocessing = 0;
		};
/* End PBXSourcesBuildPhase section */

/* Begin PBXVariantGroup section */
		9BB1556E211B656D00F093CC /* Main.storyboard */ = {
			isa = PBXVariantGroup;
			children = (
				9BB1556F211B656D00F093CC /* Base */,
			);
			name = Main.storyboard;
			sourceTree = "<group>";
		};
		9BB15573211B656F00F093CC /* LaunchScreen.storyboard */ = {
			isa = PBXVariantGroup;
			children = (
				9BB15574211B656F00F093CC /* Base */,
			);
			name = LaunchScreen.storyboard;
			sourceTree = "<group>";
		};
/* End PBXVariantGroup section */

/* Begin XCBuildConfiguration section */
		9BB15577211B656F00F093CC /* Debug */ = {
			isa = XCBuildConfiguration;
			buildSettings = {
				ALWAYS_SEARCH_USER_PATHS = NO;
				CLANG_ANALYZER_NONNULL = YES;
				CLANG_ANALYZER_NUMBER_OBJECT_CONVERSION = YES_AGGRESSIVE;
				CLANG_CXX_LANGUAGE_STANDARD = "gnu++14";
				CLANG_CXX_LIBRARY = "libc++";
				CLANG_ENABLE_MODULES = YES;
				CLANG_ENABLE_OBJC_ARC = YES;
				CLANG_ENABLE_OBJC_WEAK = YES;
				CLANG_WARN_BLOCK_CAPTURE_AUTORELEASING = YES;
				CLANG_WARN_BOOL_CONVERSION = YES;
				CLANG_WARN_COMMA = YES;
				CLANG_WARN_CONSTANT_CONVERSION = YES;
				CLANG_WARN_DEPRECATED_OBJC_IMPLEMENTATIONS = YES;
				CLANG_WARN_DIRECT_OBJC_ISA_USAGE = YES_ERROR;
				CLANG_WARN_DOCUMENTATION_COMMENTS = YES;
				CLANG_WARN_EMPTY_BODY = YES;
				CLANG_WARN_ENUM_CONVERSION = YES;
				CLANG_WARN_INFINITE_RECURSION = YES;
				CLANG_WARN_INT_CONVERSION = YES;
				CLANG_WARN_NON_LITERAL_NULL_CONVERSION = YES;
				CLANG_WARN_OBJC_IMPLICIT_RETAIN_SELF = YES;
				CLANG_WARN_OBJC_LITERAL_CONVERSION = YES;
				CLANG_WARN_OBJC_ROOT_CLASS = YES_ERROR;
				CLANG_WARN_RANGE_LOOP_ANALYSIS = YES;
				CLANG_WARN_STRICT_PROTOTYPES = YES;
				CLANG_WARN_SUSPICIOUS_MOVE = YES;
				CLANG_WARN_UNGUARDED_AVAILABILITY = YES_AGGRESSIVE;
				CLANG_WARN_UNREACHABLE_CODE = YES;
				CLANG_WARN__DUPLICATE_METHOD_MATCH = YES;
				CODE_SIGN_IDENTITY = "iPhone Developer";
				COPY_PHASE_STRIP = NO;
				DEBUG_INFORMATION_FORMAT = dwarf;
				ENABLE_STRICT_OBJC_MSGSEND = YES;
				ENABLE_TESTABILITY = YES;
				GCC_C_LANGUAGE_STANDARD = gnu11;
				GCC_DYNAMIC_NO_PIC = NO;
				GCC_NO_COMMON_BLOCKS = YES;
				GCC_OPTIMIZATION_LEVEL = 0;
				GCC_PREPROCESSOR_DEFINITIONS = (
					"DEBUG=1",
					"$(inherited)",
				);
				GCC_WARN_64_TO_32_BIT_CONVERSION = YES;
				GCC_WARN_ABOUT_RETURN_TYPE = YES_ERROR;
				GCC_WARN_UNDECLARED_SELECTOR = YES;
				GCC_WARN_UNINITIALIZED_AUTOS = YES_AGGRESSIVE;
				GCC_WARN_UNUSED_FUNCTION = YES;
				GCC_WARN_UNUSED_VARIABLE = YES;
				IPHONEOS_DEPLOYMENT_TARGET = 11.3;
				MTL_ENABLE_DEBUG_INFO = YES;
				ONLY_ACTIVE_ARCH = YES;
				SDKROOT = iphoneos;
				SWIFT_ACTIVE_COMPILATION_CONDITIONS = DEBUG;
				SWIFT_OPTIMIZATION_LEVEL = "-Onone";
			};
			name = Debug;
		};
		9BB15578211B656F00F093CC /* Release */ = {
			isa = XCBuildConfiguration;
			buildSettings = {
				ALWAYS_SEARCH_USER_PATHS = NO;
				CLANG_ANALYZER_NONNULL = YES;
				CLANG_ANALYZER_NUMBER_OBJECT_CONVERSION = YES_AGGRESSIVE;
				CLANG_CXX_LANGUAGE_STANDARD = "gnu++14";
				CLANG_CXX_LIBRARY = "libc++";
				CLANG_ENABLE_MODULES = YES;
				CLANG_ENABLE_OBJC_ARC = YES;
				CLANG_ENABLE_OBJC_WEAK = YES;
				CLANG_WARN_BLOCK_CAPTURE_AUTORELEASING = YES;
				CLANG_WARN_BOOL_CONVERSION = YES;
				CLANG_WARN_COMMA = YES;
				CLANG_WARN_CONSTANT_CONVERSION = YES;
				CLANG_WARN_DEPRECATED_OBJC_IMPLEMENTATIONS = YES;
				CLANG_WARN_DIRECT_OBJC_ISA_USAGE = YES_ERROR;
				CLANG_WARN_DOCUMENTATION_COMMENTS = YES;
				CLANG_WARN_EMPTY_BODY = YES;
				CLANG_WARN_ENUM_CONVERSION = YES;
				CLANG_WARN_INFINITE_RECURSION = YES;
				CLANG_WARN_INT_CONVERSION = YES;
				CLANG_WARN_NON_LITERAL_NULL_CONVERSION = YES;
				CLANG_WARN_OBJC_IMPLICIT_RETAIN_SELF = YES;
				CLANG_WARN_OBJC_LITERAL_CONVERSION = YES;
				CLANG_WARN_OBJC_ROOT_CLASS = YES_ERROR;
				CLANG_WARN_RANGE_LOOP_ANALYSIS = YES;
				CLANG_WARN_STRICT_PROTOTYPES = YES;
				CLANG_WARN_SUSPICIOUS_MOVE = YES;
				CLANG_WARN_UNGUARDED_AVAILABILITY = YES_AGGRESSIVE;
				CLANG_WARN_UNREACHABLE_CODE = YES;
				CLANG_WARN__DUPLICATE_METHOD_MATCH = YES;
				CODE_SIGN_IDENTITY = "iPhone Developer";
				COPY_PHASE_STRIP = NO;
				DEBUG_INFORMATION_FORMAT = "dwarf-with-dsym";
				ENABLE_NS_ASSERTIONS = NO;
				ENABLE_STRICT_OBJC_MSGSEND = YES;
				GCC_C_LANGUAGE_STANDARD = gnu11;
				GCC_NO_COMMON_BLOCKS = YES;
				GCC_WARN_64_TO_32_BIT_CONVERSION = YES;
				GCC_WARN_ABOUT_RETURN_TYPE = YES_ERROR;
				GCC_WARN_UNDECLARED_SELECTOR = YES;
				GCC_WARN_UNINITIALIZED_AUTOS = YES_AGGRESSIVE;
				GCC_WARN_UNUSED_FUNCTION = YES;
				GCC_WARN_UNUSED_VARIABLE = YES;
				IPHONEOS_DEPLOYMENT_TARGET = 11.3;
				MTL_ENABLE_DEBUG_INFO = NO;
				SDKROOT = iphoneos;
				SWIFT_COMPILATION_MODE = wholemodule;
				SWIFT_OPTIMIZATION_LEVEL = "-O";
				VALIDATE_PRODUCT = YES;
			};
			name = Release;
		};
		9BB1557A211B656F00F093CC /* Debug */ = {
			isa = XCBuildConfiguration;
			buildSettings = {
				ASSETCATALOG_COMPILER_APPICON_NAME = AppIcon;
				CODE_SIGN_STYLE = Automatic;
				INFOPLIST_FILE = ElectricityBill/Info.plist;
				LD_RUNPATH_SEARCH_PATHS = (
					"$(inherited)",
					"@executable_path/Frameworks",
				);
				PRODUCT_BUNDLE_IDENTIFIER = CestarCollege.ElectricityBill;
				PRODUCT_NAME = "$(TARGET_NAME)";
				SWIFT_VERSION = 4.0;
				TARGETED_DEVICE_FAMILY = "1,2";
			};
			name = Debug;
		};
		9BB1557B211B656F00F093CC /* Release */ = {
			isa = XCBuildConfiguration;
			buildSettings = {
				ASSETCATALOG_COMPILER_APPICON_NAME = AppIcon;
				CODE_SIGN_STYLE = Automatic;
				INFOPLIST_FILE = ElectricityBill/Info.plist;
				LD_RUNPATH_SEARCH_PATHS = (
					"$(inherited)",
					"@executable_path/Frameworks",
				);
				PRODUCT_BUNDLE_IDENTIFIER = CestarCollege.ElectricityBill;
				PRODUCT_NAME = "$(TARGET_NAME)";
				SWIFT_VERSION = 4.0;
				TARGETED_DEVICE_FAMILY = "1,2";
			};
			name = Release;
		};
/* End XCBuildConfiguration section */

/* Begin XCConfigurationList section */
		9BB15562211B656D00F093CC /* Build configuration list for PBXProject "ElectricityBill" */ = {
			isa = XCConfigurationList;
			buildConfigurations = (
				9BB15577211B656F00F093CC /* Debug */,
				9BB15578211B656F00F093CC /* Release */,
			);
			defaultConfigurationIsVisible = 0;
			defaultConfigurationName = Release;
		};
		9BB15579211B656F00F093CC /* Build configuration list for PBXNativeTarget "ElectricityBill" */ = {
			isa = XCConfigurationList;
			buildConfigurations = (
				9BB1557A211B656F00F093CC /* Debug */,
				9BB1557B211B656F00F093CC /* Release */,
			);
			defaultConfigurationIsVisible = 0;
			defaultConfigurationName = Release;
		};
/* End XCConfigurationList section */
	};
	rootObject = 9BB1555F211B656D00F093CC /* Project object */;
}
